
Microsoft Visual Studio Solution File, Format Version 12.00
# Visual Studio Version 17
VisualStudioVersion = 17.7.34024.191
MinimumVisualStudioVersion = 10.0.40219.1
Project("{9A19103F-16F7-4668-BE54-9A1E7A4F7556}") = "Printing Service", "Printing Service\Printing Service.csproj", "{97057F07-18F5-4AA8-9833-FFC252F38732}"
EndProject
Project("{FAE04EC0-301F-11D3-BF4B-00C04F79EFBC}") = "BL", "BL\BL.csproj", "{C99CE4D5-B180-412B-81F5-47232023DA23}"
EndProject
Global
	GlobalSection(SolutionConfigurationPlatforms) = preSolution
		Debug|Any CPU = Debug|Any CPU
		Release|Any CPU = Release|Any CPU
	EndGlobalSection
	GlobalSection(ProjectConfigurationPlatforms) = postSolution
		{97057F07-18F5-4AA8-9833-FFC252F38732}.Debug|Any CPU.ActiveCfg = Debug|Any CPU
		{97057F07-18F5-4AA8-9833-FFC252F38732}.Debug|Any CPU.Build.0 = Debug|Any CPU
		{97057F07-18F5-4AA8-9833-FFC252F38732}.Release|Any CPU.ActiveCfg = Release|Any CPU
		{97057F07-18F5-4AA8-9833-FFC252F38732}.Release|Any CPU.Build.0 = Release|Any CPU
		{C99CE4D5-B180-412B-81F5-47232023DA23}.Debug|Any CPU.ActiveCfg = Debug|Any CPU
		{C99CE4D5-B180-412B-81F5-47232023DA23}.Debug|Any CPU.Build.0 = Debug|Any CPU
		{C99CE4D5-B180-412B-81F5-47232023DA23}.Release|Any CPU.ActiveCfg = Release|Any CPU
		{C99CE4D5-B180-412B-81F5-47232023DA23}.Release|Any CPU.Build.0 = Release|Any CPU
	EndGlobalSection
	GlobalSection(SolutionProperties) = preSolution
		HideSolutionNode = FALSE
	EndGlobalSection
	GlobalSection(ExtensibilityGlobals) = postSolution
		SolutionGuid = {97F01E91-9E4A-44D9-91BB-BDD0EBE55E05}
	EndGlobalSection
EndGlobal
